
Microsoft Visual Studio Solution File, Format Version 12.00
# Visual Studio 15
VisualStudioVersion = 15.0.28010.2026
MinimumVisualStudioVersion = 10.0.40219.1
Project("{FAE04EC0-301F-11D3-BF4B-00C04F79EFBC}") = "maxwhidive", "maxwhidive\maxwhidive.csproj", "{F66DC51B-D4CA-427C-85BA-B73768140CB3}"
EndProject
Global
	GlobalSection(SolutionConfigurationPlatforms) = preSolution
		Debug|Any CPU = Debug|Any CPU
		Release|Any CPU = Release|Any CPU
	EndGlobalSection
	GlobalSection(ProjectConfigurationPlatforms) = postSolution
		{F66DC51B-D4CA-427C-85BA-B73768140CB3}.Debug|Any CPU.ActiveCfg = Debug|Any CPU
		{F66DC51B-D4CA-427C-85BA-B73768140CB3}.Debug|Any CPU.Build.0 = Debug|Any CPU
		{F66DC51B-D4CA-427C-85BA-B73768140CB3}.Release|Any CPU.ActiveCfg = Release|Any CPU
		{F66DC51B-D4CA-427C-85BA-B73768140CB3}.Release|Any CPU.Build.0 = Release|Any CPU
	EndGlobalSection
	GlobalSection(SolutionProperties) = preSolution
		HideSolutionNode = FALSE
	EndGlobalSection
	GlobalSection(ExtensibilityGlobals) = postSolution
		SolutionGuid = {575C87F3-B140-4313-9A80-9603D9A0F771}
	EndGlobalSection
EndGlobal
